{
    "version": 3,
    "terraform_version": "0.9.8",
    "serial": 3,
    "lineage": "1e006a88-1f10-4cae-988d-b7dca4815af6",
    "modules": [
        {
            "path": [
                "root"
            ],
            "outputs": {},
            "resources": {
                "aws_route53_record.ten": {
                    "type": "aws_route53_record",
                    "depends_on": [
                        "aws_route53_zone.pinkpincho"
                    ],
                    "primary": {
                        "id": "Z3EE2B4XJZMUCP_pinkpincho.com_MX",
                        "attributes": {
                            "fqdn": "pinkpincho.com",
                            "health_check_id": "",
                            "id": "Z3EE2B4XJZMUCP_pinkpincho.com_MX",
                            "name": "pinkpincho.com",
                            "records.#": "1",
                            "records.2826352310": "10 mx.zoho.com",
                            "set_identifier": "",
                            "ttl": "14400",
                            "type": "MX",
                            "zone_id": "Z3EE2B4XJZMUCP"
                        },
                        "meta": {
                            "schema_version": "2"
                        },
                        "tainted": false
                    },
                    "deposed": [],
                    "provider": ""
                },
                "aws_route53_record.twenty": {
                    "type": "aws_route53_record",
                    "depends_on": [
                        "aws_route53_zone.pinkpincho"
                    ],
                    "primary": {
                        "id": "Z3EE2B4XJZMUCP_pinkpincho.com_MX",
                        "attributes": {
                            "fqdn": "pinkpincho.com",
                            "health_check_id": "",
                            "id": "Z3EE2B4XJZMUCP_pinkpincho.com_MX",
                            "name": "pinkpincho.com",
                            "records.#": "1",
                            "records.465752708": "20 mx2.zoho.com",
                            "set_identifier": "",
                            "ttl": "14400",
                            "type": "MX",
                            "zone_id": "Z3EE2B4XJZMUCP"
                        },
                        "meta": {
                            "schema_version": "2"
                        },
                        "tainted": false
                    },
                    "deposed": [],
                    "provider": ""
                },
                "aws_route53_record.zoho": {
                    "type": "aws_route53_record",
                    "depends_on": [
                        "aws_route53_zone.pinkpincho"
                    ],
                    "primary": {
                        "id": "Z3EE2B4XJZMUCP_zb15010077.pinkpincho.com_CNAME",
                        "attributes": {
                            "fqdn": "zb15010077.pinkpincho.com",
                            "health_check_id": "",
                            "id": "Z3EE2B4XJZMUCP_zb15010077.pinkpincho.com_CNAME",
                            "name": "zb15010077.pinkpincho.com",
                            "records.#": "1",
                            "records.1883827995": "zmverify.zoho.com",
                            "set_identifier": "",
                            "ttl": "300",
                            "type": "CNAME",
                            "zone_id": "Z3EE2B4XJZMUCP"
                        },
                        "meta": {
                            "schema_version": "2"
                        },
                        "tainted": false
                    },
                    "deposed": [],
                    "provider": ""
                },
                "aws_route53_zone.pinkpincho": {
                    "type": "aws_route53_zone",
                    "depends_on": [],
                    "primary": {
                        "id": "Z3EE2B4XJZMUCP",
                        "attributes": {
                            "comment": "Managed by Terraform",
                            "force_destroy": "false",
                            "id": "Z3EE2B4XJZMUCP",
                            "name": "pinkpincho.com",
                            "name_servers.#": "4",
                            "name_servers.0": "ns-1436.awsdns-51.org",
                            "name_servers.1": "ns-1897.awsdns-45.co.uk",
                            "name_servers.2": "ns-403.awsdns-50.com",
                            "name_servers.3": "ns-643.awsdns-16.net",
                            "tags.%": "0",
                            "zone_id": "Z3EE2B4XJZMUCP"
                        },
                        "meta": {},
                        "tainted": false
                    },
                    "deposed": [],
                    "provider": ""
                },
                "aws_s3_bucket.pinkpincho": {
                    "type": "aws_s3_bucket",
                    "depends_on": [],
                    "primary": {
                        "id": "pinkpincho.com",
                        "attributes": {
                            "acceleration_status": "",
                            "acl": "public-read",
                            "arn": "arn:aws:s3:::pinkpincho.com",
                            "bucket": "pinkpincho.com",
                            "bucket_domain_name": "pinkpincho.com.s3.amazonaws.com",
                            "force_destroy": "false",
                            "hosted_zone_id": "Z3AQBSTGFYJSTF",
                            "id": "pinkpincho.com",
                            "logging.#": "0",
                            "region": "us-east-1",
                            "request_payer": "BucketOwner",
                            "tags.%": "0",
                            "versioning.#": "1",
                            "versioning.0.enabled": "false",
                            "versioning.0.mfa_delete": "false",
                            "website.#": "1",
                            "website.0.error_document": "",
                            "website.0.index_document": "index.html",
                            "website.0.redirect_all_requests_to": "",
                            "website.0.routing_rules": "",
                            "website_domain": "s3-website-us-east-1.amazonaws.com",
                            "website_endpoint": "pinkpincho.com.s3-website-us-east-1.amazonaws.com"
                        },
                        "meta": {},
                        "tainted": false
                    },
                    "deposed": [],
                    "provider": ""
                },
                "aws_s3_bucket.pinkpincho-resources": {
                    "type": "aws_s3_bucket",
                    "depends_on": [],
                    "primary": {
                        "id": "pinkpicho-resources",
                        "attributes": {
                            "acceleration_status": "",
                            "acl": "private",
                            "arn": "arn:aws:s3:::pinkpicho-resources",
                            "bucket": "pinkpicho-resources",
                            "bucket_domain_name": "pinkpicho-resources.s3.amazonaws.com",
                            "force_destroy": "false",
                            "hosted_zone_id": "Z3AQBSTGFYJSTF",
                            "id": "pinkpicho-resources",
                            "logging.#": "0",
                            "region": "us-east-1",
                            "request_payer": "BucketOwner",
                            "tags.%": "0",
                            "versioning.#": "1",
                            "versioning.0.enabled": "false",
                            "versioning.0.mfa_delete": "false",
                            "website.#": "0"
                        },
                        "meta": {},
                        "tainted": false
                    },
                    "deposed": [],
                    "provider": ""
                },
                "aws_s3_bucket.pinkpincho_www": {
                    "type": "aws_s3_bucket",
                    "depends_on": [],
                    "primary": {
                        "id": "www.pinkpincho.com",
                        "attributes": {
                            "acceleration_status": "",
                            "acl": "public-read",
                            "arn": "arn:aws:s3:::www.pinkpincho.com",
                            "bucket": "www.pinkpincho.com",
                            "bucket_domain_name": "www.pinkpincho.com.s3.amazonaws.com",
                            "force_destroy": "false",
                            "hosted_zone_id": "Z3AQBSTGFYJSTF",
                            "id": "www.pinkpincho.com",
                            "logging.#": "0",
                            "region": "us-east-1",
                            "request_payer": "BucketOwner",
                            "tags.%": "0",
                            "versioning.#": "1",
                            "versioning.0.enabled": "false",
                            "versioning.0.mfa_delete": "false",
                            "website.#": "1",
                            "website.0.error_document": "",
                            "website.0.index_document": "",
                            "website.0.redirect_all_requests_to": "pinkpincho.com",
                            "website.0.routing_rules": "",
                            "website_domain": "s3-website-us-east-1.amazonaws.com",
                            "website_endpoint": "www.pinkpincho.com.s3-website-us-east-1.amazonaws.com"
                        },
                        "meta": {},
                        "tainted": false
                    },
                    "deposed": [],
                    "provider": ""
                }
            },
            "depends_on": []
        }
    ]
}
